
Microsoft Visual Studio Solution File, Format Version 12.00
# Visual Studio Version 17
VisualStudioVersion = 17.9.34701.34
MinimumVisualStudioVersion = 10.0.40219.1
Project("{FAE04EC0-301F-11D3-BF4B-00C04F79EFBC}") = "Factory", "Factory.csproj", "{7FE810FB-1FD8-480E-B197-EDD07EEE7FD6}"
EndProject
Global
	GlobalSection(SolutionConfigurationPlatforms) = preSolution
		Debug|Any CPU = Debug|Any CPU
		Release|Any CPU = Release|Any CPU
	EndGlobalSection
	GlobalSection(ProjectConfigurationPlatforms) = postSolution
		{7FE810FB-1FD8-480E-B197-EDD07EEE7FD6}.Debug|Any CPU.ActiveCfg = Debug|Any CPU
		{7FE810FB-1FD8-480E-B197-EDD07EEE7FD6}.Debug|Any CPU.Build.0 = Debug|Any CPU
		{7FE810FB-1FD8-480E-B197-EDD07EEE7FD6}.Release|Any CPU.ActiveCfg = Release|Any CPU
		{7FE810FB-1FD8-480E-B197-EDD07EEE7FD6}.Release|Any CPU.Build.0 = Release|Any CPU
	EndGlobalSection
	GlobalSection(SolutionProperties) = preSolution
		HideSolutionNode = FALSE
	EndGlobalSection
	GlobalSection(ExtensibilityGlobals) = postSolution
		SolutionGuid = {C943BB0F-8224-4144-A7DF-5E9F1E6A394C}
	EndGlobalSection
EndGlobal
